{
  "name": "Apple Pay Decrypt",
  "version": "1.0.0",
  "lockfileVersion": 1,
  "requires": true,
  "dependencies": {
    "@fidm/asn1": {
      "version": "1.0.4",
      "resolved": "https://registry.npmjs.org/@fidm/asn1/-/asn1-1.0.4.tgz",
      "integrity": "sha512-esd1jyNvRb2HVaQGq2Gg8Z0kbQPXzV9Tq5Z14KNIov6KfFD6PTaRIO8UpcsYiTNzOqJpmyzWgVTrUwFV3UF4TQ=="
    },
    "@fidm/x509": {
      "version": "1.2.1",
      "resolved": "https://registry.npmjs.org/@fidm/x509/-/x509-1.2.1.tgz",
      "integrity": "sha512-nwc2iesjyc9hkuzcrMCBXQRn653XuAUKorfWM8PZyJawiy1QzLj4vahwzaI25+pfpwOLvMzbJ0uKpWLDNmo16w==",
      "requires": {
        "@fidm/asn1": "^1.0.4",
        "tweetnacl": "^1.0.1"
      }
    },
    "@peculiar/asn1-schema": {
      "version": "2.0.3",
      "resolved": "https://registry.npmjs.org/@peculiar/asn1-schema/-/asn1-schema-2.0.3.tgz",
      "integrity": "sha512-STqC+Tfx2dTiIGRmokjsKOeqsfhoV6WaBwFr7BVicSfHLAVSPrZXiugyD8AELrjQdJ9INWpL3N7YSJyU5a1ZwA==",
      "requires": {
        "@types/asn1js": "^0.0.1",
        "asn1js": "^2.0.26",
        "pvtsutils": "^1.0.10",
        "tslib": "^1.11.1"
      }
    },
    "@peculiar/json-schema": {
      "version": "1.1.10",
      "resolved": "https://registry.npmjs.org/@peculiar/json-schema/-/json-schema-1.1.10.tgz",
      "integrity": "sha512-kbpnG9CkF1y6wwGkW7YtSA+yYK4X5uk4rAwsd1hxiaYE3Hkw2EsGlbGh/COkMLyFf+Fe830BoFiMSB3QnC/ItA==",
      "requires": {
        "tslib": "^1.11.1"
      }
    },
    "@types/asn1js": {
      "version": "0.0.1",
      "resolved": "https://registry.npmjs.org/@types/asn1js/-/asn1js-0.0.1.tgz",
      "integrity": "sha1-74uflwjLFjKhw6nNJ3F8qr55O8I=",
      "requires": {
        "@types/pvutils": "*"
      }
    },
    "@types/pvutils": {
      "version": "0.0.2",
      "resolved": "https://registry.npmjs.org/@types/pvutils/-/pvutils-0.0.2.tgz",
      "integrity": "sha512-CgQAm7pjyeF3Gnv78ty4RBVIfluB+Td+2DR8iPaU0prF18pkzptHHP+DoKPfpsJYknKsVZyVsJEu5AuGgAqQ5w=="
    },
    "asn1.js": {
      "version": "5.3.0",
      "resolved": "https://registry.npmjs.org/asn1.js/-/asn1.js-5.3.0.tgz",
      "integrity": "sha512-WHnQJFcOrIWT1RLOkFFBQkFVvyt9BPOOrH+Dp152Zk4R993rSzXUGPmkybIcUFhHE2d/iHH+nCaOWVCDbO8fgA==",
      "requires": {
        "bn.js": "^4.0.0",
        "inherits": "^2.0.1",
        "minimalistic-assert": "^1.0.0",
        "safer-buffer": "^2.1.0"
      }
    },
    "asn1js": {
      "version": "2.0.26",
      "resolved": "https://registry.npmjs.org/asn1js/-/asn1js-2.0.26.tgz",
      "integrity": "sha512-yG89F0j9B4B0MKIcFyWWxnpZPLaNTjCj4tkE3fjbAoo0qmpGw0PYYqSbX/4ebnd9Icn8ZgK4K1fvDyEtW1JYtQ==",
      "requires": {
        "pvutils": "^1.0.17"
      }
    },
    "bn.js": {
      "version": "4.11.8",
      "resolved": "https://registry.npmjs.org/bn.js/-/bn.js-4.11.8.tgz",
      "integrity": "sha512-ItfYfPLkWHUjckQCk8xC+LwxgK8NYcXywGigJgSwOP8Y2iyWT4f2vsZnoOXTTbo+o5yXmIUJ4gn5538SO5S3gA=="
    },
    "bytestreamjs": {
      "version": "1.0.29",
      "resolved": "https://registry.npmjs.org/bytestreamjs/-/bytestreamjs-1.0.29.tgz",
      "integrity": "sha512-Mri3yqoo9YvdaSvD5OYl4Rdu9zCBJInW/Ez31sdlNY4ikMy//EvTTmidfLcs0e+NBvKVEpPzYvJAesjgMdjnZg=="
    },
    "ec-key": {
      "version": "0.0.4",
      "resolved": "https://registry.npmjs.org/ec-key/-/ec-key-0.0.4.tgz",
      "integrity": "sha512-jJkzm7XWb4Bcu4TpuQnOZD/OGSW3Y35S0Qe0cpnJsricaJtC+Tl3I0OKwgQasxNiEFt0Czv89ncq7vrHSgMj/w==",
      "requires": {
        "asn1.js": "^5.2.0"
      }
    },
    "inherits": {
      "version": "2.0.4",
      "resolved": "https://registry.npmjs.org/inherits/-/inherits-2.0.4.tgz",
      "integrity": "sha512-k/vGaX4/Yla3WzyMCvTQOXYeIHvqOKtnqBduzTHpzpQZzAskKMhZ2K+EnBiSM9zGSoIFeMpXKxa4dYeZIQqewQ=="
    },
    "minimalistic-assert": {
      "version": "1.0.1",
      "resolved": "https://registry.npmjs.org/minimalistic-assert/-/minimalistic-assert-1.0.1.tgz",
      "integrity": "sha512-UtJcAD4yEaGtjPezWuO9wC4nwUnVH/8/Im3yEHQP4b67cXlD/Qr9hdITCU1xDbSEXg2XKNaP8jsReV7vQd00/A=="
    },
    "mkdirp": {
      "version": "1.0.4",
      "resolved": "https://registry.npmjs.org/mkdirp/-/mkdirp-1.0.4.tgz",
      "integrity": "sha512-vVqVZQyf3WLx2Shd0qJ9xuvqgAyKPLAiqITEtqW0oIUjzo3PePDd6fW9iFz30ef7Ysp/oiWqbhszeGWW2T6Gzw=="
    },
    "nan": {
      "version": "2.14.1",
      "resolved": "https://registry.npmjs.org/nan/-/nan-2.14.1.tgz",
      "integrity": "sha512-isWHgVjnFjh2x2yuJ/tj3JbwoHu3UC2dX5G/88Cm24yB6YopVgxvBObDY7n5xW6ExmFhJpSEQqFPvq9zaXc8Jw=="
    },
    "node-webcrypto-ossl": {
      "version": "2.1.0",
      "resolved": "https://registry.npmjs.org/node-webcrypto-ossl/-/node-webcrypto-ossl-2.1.0.tgz",
      "integrity": "sha512-diC2LLQKKo41XxrgdT2MmH4mxWNoeCwjS0+uSLfui3rCtxai8cdLLs0TKT0z9Mq8LZ4eMAkuU4FFmEOHk6CbsQ==",
      "requires": {
        "mkdirp": "^1.0.4",
        "nan": "^2.14.1",
        "pvtsutils": "^1.0.10",
        "tslib": "^1.11.2",
        "webcrypto-core": "^1.1.0"
      }
    },
    "pkijs": {
      "version": "2.1.88",
      "resolved": "https://registry.npmjs.org/pkijs/-/pkijs-2.1.88.tgz",
      "integrity": "sha512-R/1VglrBioIx3wdX1/DzEcJDvhJgl5cNsT+Ovex3zWbCwjY2mDUW2Qvj6/kc0S7PDDnijXwHczAVRYscNLhUgQ==",
      "requires": {
        "asn1js": "^2.0.26",
        "bytestreamjs": "^1.0.29",
        "pvutils": "^1.0.17"
      }
    },
    "pvtsutils": {
      "version": "1.0.10",
      "resolved": "https://registry.npmjs.org/pvtsutils/-/pvtsutils-1.0.10.tgz",
      "integrity": "sha512-8ZKQcxnZKTn+fpDh7wL4yKax5fdl3UJzT8Jv49djZpB/dzPxacyN1Sez90b6YLdOmvIr9vaySJ5gw4aUA1EdSw==",
      "requires": {
        "tslib": "^1.10.0"
      }
    },
    "pvutils": {
      "version": "1.0.17",
      "resolved": "https://registry.npmjs.org/pvutils/-/pvutils-1.0.17.tgz",
      "integrity": "sha512-wLHYUQxWaXVQvKnwIDWFVKDJku9XDCvyhhxoq8dc5MFdIlRenyPI9eSfEtcvgHgD7FlvCyGAlWgOzRnZD99GZQ=="
    },
    "safer-buffer": {
      "version": "2.1.2",
      "resolved": "https://registry.npmjs.org/safer-buffer/-/safer-buffer-2.1.2.tgz",
      "integrity": "sha512-YZo3K82SD7Riyi0E1EQPojLz7kpepnSQI9IyPbHHg1XXXevb5dJI7tpyN2ADxGcQbHG7vcyRHk0cbwqcQriUtg=="
    },
    "tslib": {
      "version": "1.13.0",
      "resolved": "https://registry.npmjs.org/tslib/-/tslib-1.13.0.tgz",
      "integrity": "sha512-i/6DQjL8Xf3be4K/E6Wgpekn5Qasl1usyw++dAA35Ue5orEn65VIxOA+YvNNl9HV3qv70T7CNwjODHZrLwvd1Q=="
    },
    "tweetnacl": {
      "version": "1.0.3",
      "resolved": "https://registry.npmjs.org/tweetnacl/-/tweetnacl-1.0.3.tgz",
      "integrity": "sha512-6rt+RN7aOi1nGMyC4Xa5DdYiukl2UWCbcJft7YhxReBGQD7OAM8Pbxw6YMo4r2diNEA8FEmu32YOn9rhaiE5yw=="
    },
    "webcrypto-core": {
      "version": "1.1.1",
      "resolved": "https://registry.npmjs.org/webcrypto-core/-/webcrypto-core-1.1.1.tgz",
      "integrity": "sha512-xK61sFRUyZdSAJG7+bJox36+Tnhxw1PaMbmrLLp30HNTJ4mffqsY2jUMlmGq6OOoej3WO/SsH5serzlzBMZ+jg==",
      "requires": {
        "@peculiar/asn1-schema": "^2.0.1",
        "@peculiar/json-schema": "^1.1.10",
        "asn1js": "^2.0.26",
        "pvtsutils": "^1.0.10",
        "tslib": "^1.11.2"
      }
    }
  }
}
